
Microsoft Visual Studio Solution File, Format Version 12.00
# Visual Studio Version 17
VisualStudioVersion = 17.0.31903.59
MinimumVisualStudioVersion = 10.0.40219.1
Project("{9A19103F-16F7-4668-BE54-9A1E7A4F7556}") = "MedicalEquipmentCompany", "MedicalEquipmentCompany.csproj", "{0A926F23-E2E2-4391-AEFD-87F5E60009FE}"
EndProject
Global
	GlobalSection(SolutionConfigurationPlatforms) = preSolution
		Debug|Any CPU = Debug|Any CPU
		Release|Any CPU = Release|Any CPU
	EndGlobalSection
	GlobalSection(ProjectConfigurationPlatforms) = postSolution
		{0A926F23-E2E2-4391-AEFD-87F5E60009FE}.Debug|Any CPU.ActiveCfg = Debug|Any CPU
		{0A926F23-E2E2-4391-AEFD-87F5E60009FE}.Debug|Any CPU.Build.0 = Debug|Any CPU
		{0A926F23-E2E2-4391-AEFD-87F5E60009FE}.Release|Any CPU.ActiveCfg = Release|Any CPU
		{0A926F23-E2E2-4391-AEFD-87F5E60009FE}.Release|Any CPU.Build.0 = Release|Any CPU
	EndGlobalSection
	GlobalSection(SolutionProperties) = preSolution
		HideSolutionNode = FALSE
	EndGlobalSection
	GlobalSection(ExtensibilityGlobals) = postSolution
		SolutionGuid = {29F63EFD-70EC-4A6A-808B-D6B7778AC1D0}
	EndGlobalSection
EndGlobal
